Microsoft Visual Studio Solution File, Format Version 11.00
# Visual Studio 2008

Project("{739D4FE5-9396-1513-27A8-195F011A0D92}") = "Hulk", "Assembly-CSharp.csproj", "{BA37A0B2-0DA3-F4E6-1C9E-0B8C9CB01A37}"
EndProject
Project("{739D4FE5-9396-1513-27A8-195F011A0D92}") = "Hulk", "Assembly-CSharp-Editor.csproj", "{BCDCDE51-ACF1-BC13-6C96-C4899F264667}"
EndProject
Project("{739D4FE5-9396-1513-27A8-195F011A0D92}") = "Hulk", "Assembly-UnityScript.unityproj", "{CC4BD890-014D-A0D5-4F49-2449F7E7D533}"
EndProject
Project("{739D4FE5-9396-1513-27A8-195F011A0D92}") = "Hulk", "Assembly-UnityScript-Editor.unityproj", "{36427286-AA35-3E92-1509-57EC8C2FC3F7}"
EndProject
Global
	GlobalSection(SolutionConfigurationPlatforms) = preSolution
		Debug|Any CPU = Debug|Any CPU
		Release|Any CPU = Release|Any CPU
	EndGlobalSection
	GlobalSection(ProjectConfigurationPlatforms) = postSolution
		{BA37A0B2-0DA3-F4E6-1C9E-0B8C9CB01A37}.Debug|Any CPU.ActiveCfg = Debug|Any CPU
		{BA37A0B2-0DA3-F4E6-1C9E-0B8C9CB01A37}.Debug|Any CPU.Build.0 = Debug|Any CPU
		{BA37A0B2-0DA3-F4E6-1C9E-0B8C9CB01A37}.Release|Any CPU.ActiveCfg = Release|Any CPU
		{BA37A0B2-0DA3-F4E6-1C9E-0B8C9CB01A37}.Release|Any CPU.Build.0 = Release|Any CPU
		{BCDCDE51-ACF1-BC13-6C96-C4899F264667}.Debug|Any CPU.ActiveCfg = Debug|Any CPU
		{BCDCDE51-ACF1-BC13-6C96-C4899F264667}.Debug|Any CPU.Build.0 = Debug|Any CPU
		{BCDCDE51-ACF1-BC13-6C96-C4899F264667}.Release|Any CPU.ActiveCfg = Release|Any CPU
		{BCDCDE51-ACF1-BC13-6C96-C4899F264667}.Release|Any CPU.Build.0 = Release|Any CPU
		{CC4BD890-014D-A0D5-4F49-2449F7E7D533}.Debug|Any CPU.ActiveCfg = Debug|Any CPU
		{CC4BD890-014D-A0D5-4F49-2449F7E7D533}.Debug|Any CPU.Build.0 = Debug|Any CPU
		{CC4BD890-014D-A0D5-4F49-2449F7E7D533}.Release|Any CPU.ActiveCfg = Release|Any CPU
		{CC4BD890-014D-A0D5-4F49-2449F7E7D533}.Release|Any CPU.Build.0 = Release|Any CPU
		{36427286-AA35-3E92-1509-57EC8C2FC3F7}.Debug|Any CPU.ActiveCfg = Debug|Any CPU
		{36427286-AA35-3E92-1509-57EC8C2FC3F7}.Debug|Any CPU.Build.0 = Debug|Any CPU
		{36427286-AA35-3E92-1509-57EC8C2FC3F7}.Release|Any CPU.ActiveCfg = Release|Any CPU
		{36427286-AA35-3E92-1509-57EC8C2FC3F7}.Release|Any CPU.Build.0 = Release|Any CPU
	EndGlobalSection
	GlobalSection(SolutionProperties) = preSolution
		HideSolutionNode = FALSE
	EndGlobalSection
								GlobalSection(MonoDevelopProperties) = preSolution
		StartupItem = Assembly-CSharp.csproj
		Policies = $0
		$0.TextStylePolicy = $1
		$1.inheritsSet = null
		$1.scope = text/x-csharp
		$0.CSharpFormattingPolicy = $2
		$2.inheritsSet = Mono
		$2.inheritsScope = text/x-csharp
		$2.scope = text/x-csharp
		$0.TextStylePolicy = $3
		$3.FileWidth = 120
		$3.TabWidth = 4
		$3.EolMarker = Unix
		$3.inheritsSet = Mono
		$3.inheritsScope = text/plain
		$3.scope = text/plain
	EndGlobalSection

EndGlobal
